
Microsoft Visual Studio Solution File, Format Version 12.00
# Visual Studio 14
VisualStudioVersion = 14.0.25420.1
MinimumVisualStudioVersion = 10.0.40219.1
Project("{FAE04EC0-301F-11D3-BF4B-00C04F79EFBC}") = "w4cashSig", "w4cashSig.csproj", "{E0CFB4FA-B9C4-42B4-8EB3-41DAE46462BC}"
EndProject
Project("{FAE04EC0-301F-11D3-BF4B-00C04F79EFBC}") = "Registrierkasse", "..\Registrierkasse\Registrierkasse.csproj", "{36FDE18C-6D25-4315-BDAC-BF0B315F9FD3}"
EndProject
Global
	GlobalSection(SolutionConfigurationPlatforms) = preSolution
		Debug|x86 = Debug|x86
		Release|x86 = Release|x86
	EndGlobalSection
	GlobalSection(ProjectConfigurationPlatforms) = postSolution
		{E0CFB4FA-B9C4-42B4-8EB3-41DAE46462BC}.Debug|x86.ActiveCfg = Debug|x86
		{E0CFB4FA-B9C4-42B4-8EB3-41DAE46462BC}.Debug|x86.Build.0 = Debug|x86
		{E0CFB4FA-B9C4-42B4-8EB3-41DAE46462BC}.Release|x86.ActiveCfg = Release|x86
		{E0CFB4FA-B9C4-42B4-8EB3-41DAE46462BC}.Release|x86.Build.0 = Release|x86
		{36FDE18C-6D25-4315-BDAC-BF0B315F9FD3}.Debug|x86.ActiveCfg = Debug|x86
		{36FDE18C-6D25-4315-BDAC-BF0B315F9FD3}.Debug|x86.Build.0 = Debug|x86
		{36FDE18C-6D25-4315-BDAC-BF0B315F9FD3}.Release|x86.ActiveCfg = Release|x86
		{36FDE18C-6D25-4315-BDAC-BF0B315F9FD3}.Release|x86.Build.0 = Release|x86
	EndGlobalSection
	GlobalSection(SolutionProperties) = preSolution
		HideSolutionNode = FALSE
	EndGlobalSection
EndGlobal
